
Microsoft Visual Studio Solution File, Format Version 12.00
# Visual Studio Version 17
VisualStudioVersion = 17.0.31903.59
MinimumVisualStudioVersion = 10.0.40219.1
Project("{FAE04EC0-301F-11D3-BF4B-00C04F79EFBC}") = "api", "api\api.csproj", "{5F5A00F4-FDA1-442D-B972-193F21E4FC94}"
EndProject
Project("{FAE04EC0-301F-11D3-BF4B-00C04F79EFBC}") = "tests", "tests\tests.csproj", "{4C799FDC-4F9B-4CB2-ABF2-23ED2F83EEF9}"
EndProject
Global
	GlobalSection(SolutionConfigurationPlatforms) = preSolution
		Debug|Any CPU = Debug|Any CPU
		Release|Any CPU = Release|Any CPU
	EndGlobalSection
	GlobalSection(SolutionProperties) = preSolution
		HideSolutionNode = FALSE
	EndGlobalSection
	GlobalSection(ProjectConfigurationPlatforms) = postSolution
		{5F5A00F4-FDA1-442D-B972-193F21E4FC94}.Debug|Any CPU.ActiveCfg = Debug|Any CPU
		{5F5A00F4-FDA1-442D-B972-193F21E4FC94}.Debug|Any CPU.Build.0 = Debug|Any CPU
		{5F5A00F4-FDA1-442D-B972-193F21E4FC94}.Release|Any CPU.ActiveCfg = Release|Any CPU
		{5F5A00F4-FDA1-442D-B972-193F21E4FC94}.Release|Any CPU.Build.0 = Release|Any CPU
		{4C799FDC-4F9B-4CB2-ABF2-23ED2F83EEF9}.Debug|Any CPU.ActiveCfg = Debug|Any CPU
		{4C799FDC-4F9B-4CB2-ABF2-23ED2F83EEF9}.Debug|Any CPU.Build.0 = Debug|Any CPU
		{4C799FDC-4F9B-4CB2-ABF2-23ED2F83EEF9}.Release|Any CPU.ActiveCfg = Release|Any CPU
		{4C799FDC-4F9B-4CB2-ABF2-23ED2F83EEF9}.Release|Any CPU.Build.0 = Release|Any CPU
	EndGlobalSection
EndGlobal
